
Microsoft Visual Studio Solution File, Format Version 12.00
# Visual Studio Version 16
VisualStudioVersion = 16.0.31025.194
MinimumVisualStudioVersion = 10.0.40219.1
Project("{FAE04EC0-301F-11D3-BF4B-00C04F79EFBC}") = "RlktElsLuaToSql", "RlktElsLuaToSql\RlktElsLuaToSql.csproj", "{F67367B1-7042-4DD5-B004-7BA6025F3420}"
EndProject
Global
	GlobalSection(SolutionConfigurationPlatforms) = preSolution
		Debug|Any CPU = Debug|Any CPU
		Release|Any CPU = Release|Any CPU
	EndGlobalSection
	GlobalSection(ProjectConfigurationPlatforms) = postSolution
		{F67367B1-7042-4DD5-B004-7BA6025F3420}.Debug|Any CPU.ActiveCfg = Debug|Any CPU
		{F67367B1-7042-4DD5-B004-7BA6025F3420}.Debug|Any CPU.Build.0 = Debug|Any CPU
		{F67367B1-7042-4DD5-B004-7BA6025F3420}.Release|Any CPU.ActiveCfg = Release|Any CPU
		{F67367B1-7042-4DD5-B004-7BA6025F3420}.Release|Any CPU.Build.0 = Release|Any CPU
	EndGlobalSection
	GlobalSection(SolutionProperties) = preSolution
		HideSolutionNode = FALSE
	EndGlobalSection
	GlobalSection(ExtensibilityGlobals) = postSolution
		SolutionGuid = {15455E12-D289-422E-B06C-58A0A7224540}
	EndGlobalSection
EndGlobal
